
Microsoft Visual Studio Solution File, Format Version 12.00
# Visual Studio 15
VisualStudioVersion = 15.0.28010.2046
MinimumVisualStudioVersion = 10.0.40219.1
Project("{E24C65DC-7377-472B-9ABA-BC803B73C61A}") = "MMDOnline", "C:\sites\MMDOnline\", "{FC84D95E-04F6-4B35-A495-B6E0223257FD}"
	ProjectSection(WebsiteProperties) = preProject
		TargetFrameworkMoniker = ".NETFramework,Version%3Dv2.0"
		Debug.AspNetCompiler.VirtualPath = "/localhost_54967"
		Debug.AspNetCompiler.PhysicalPath = "..\..\..\..\..\sites\MMDOnline\"
		Debug.AspNetCompiler.TargetPath = "PrecompiledWeb\localhost_54967\"
		Debug.AspNetCompiler.Updateable = "true"
		Debug.AspNetCompiler.ForceOverwrite = "true"
		Debug.AspNetCompiler.FixedNames = "false"
		Debug.AspNetCompiler.Debug = "True"
		Release.AspNetCompiler.VirtualPath = "/localhost_54967"
		Release.AspNetCompiler.PhysicalPath = "..\..\..\..\..\sites\MMDOnline\"
		Release.AspNetCompiler.TargetPath = "PrecompiledWeb\localhost_54967\"
		Release.AspNetCompiler.Updateable = "true"
		Release.AspNetCompiler.ForceOverwrite = "true"
		Release.AspNetCompiler.FixedNames = "false"
		Release.AspNetCompiler.Debug = "False"
		VWDPort = "54967"
		SlnRelativePath = "..\..\..\..\..\sites\MMDOnline\"
	EndProjectSection
EndProject
Project("{E24C65DC-7377-472B-9ABA-BC803B73C61A}") = "intranet.80", "C:\sites\intranet.80\", "{8BB20E1F-D79E-4F14-81B0-516160258121}"
	ProjectSection(WebsiteProperties) = preProject
		TargetFrameworkMoniker = ".NETFramework,Version%3Dv2.0"
		Debug.AspNetCompiler.VirtualPath = "/localhost_54753"
		Debug.AspNetCompiler.PhysicalPath = "..\..\..\..\..\sites\intranet.80\"
		Debug.AspNetCompiler.TargetPath = "PrecompiledWeb\localhost_54753\"
		Debug.AspNetCompiler.Updateable = "true"
		Debug.AspNetCompiler.ForceOverwrite = "true"
		Debug.AspNetCompiler.FixedNames = "false"
		Debug.AspNetCompiler.Debug = "True"
		Release.AspNetCompiler.VirtualPath = "/localhost_54753"
		Release.AspNetCompiler.PhysicalPath = "..\..\..\..\..\sites\intranet.80\"
		Release.AspNetCompiler.TargetPath = "PrecompiledWeb\localhost_54753\"
		Release.AspNetCompiler.Updateable = "true"
		Release.AspNetCompiler.ForceOverwrite = "true"
		Release.AspNetCompiler.FixedNames = "false"
		Release.AspNetCompiler.Debug = "False"
		VWDPort = "54753"
		SlnRelativePath = "..\..\..\..\..\sites\intranet.80\"
	EndProjectSection
EndProject
Project("{E24C65DC-7377-472B-9ABA-BC803B73C61A}") = "MMDIMS", "..\..\..\..\..\sites\MMDIMS\", "{4FD5D244-79F0-4E39-8FD2-42F524A76836}"
	ProjectSection(WebsiteProperties) = preProject
		TargetFrameworkMoniker = ".NETFramework,Version%3Dv2.0"
		Debug.AspNetCompiler.VirtualPath = "/localhost_57285"
		Debug.AspNetCompiler.PhysicalPath = "..\..\..\..\..\sites\MMDIMS\"
		Debug.AspNetCompiler.TargetPath = "PrecompiledWeb\localhost_57285\"
		Debug.AspNetCompiler.Updateable = "true"
		Debug.AspNetCompiler.ForceOverwrite = "true"
		Debug.AspNetCompiler.FixedNames = "false"
		Debug.AspNetCompiler.Debug = "True"
		Release.AspNetCompiler.VirtualPath = "/localhost_57285"
		Release.AspNetCompiler.PhysicalPath = "..\..\..\..\..\sites\MMDIMS\"
		Release.AspNetCompiler.TargetPath = "PrecompiledWeb\localhost_57285\"
		Release.AspNetCompiler.Updateable = "true"
		Release.AspNetCompiler.ForceOverwrite = "true"
		Release.AspNetCompiler.FixedNames = "false"
		Release.AspNetCompiler.Debug = "False"
		VWDPort = "57285"
		SlnRelativePath = "..\..\..\..\..\sites\MMDIMS\"
	EndProjectSection
EndProject
Project("{E24C65DC-7377-472B-9ABA-BC803B73C61A}") = "StockTake", "..\..\..\..\..\sites\StockTake\", "{693E5999-0B59-47CA-BA49-3F0FA2B821BC}"
	ProjectSection(WebsiteProperties) = preProject
		TargetFrameworkMoniker = ".NETFramework,Version%3Dv4.0"
		Debug.AspNetCompiler.VirtualPath = "/localhost_60302"
		Debug.AspNetCompiler.PhysicalPath = "..\..\..\..\..\sites\StockTake\"
		Debug.AspNetCompiler.TargetPath = "PrecompiledWeb\localhost_60302\"
		Debug.AspNetCompiler.Updateable = "true"
		Debug.AspNetCompiler.ForceOverwrite = "true"
		Debug.AspNetCompiler.FixedNames = "false"
		Debug.AspNetCompiler.Debug = "True"
		Release.AspNetCompiler.VirtualPath = "/localhost_60302"
		Release.AspNetCompiler.PhysicalPath = "..\..\..\..\..\sites\StockTake\"
		Release.AspNetCompiler.TargetPath = "PrecompiledWeb\localhost_60302\"
		Release.AspNetCompiler.Updateable = "true"
		Release.AspNetCompiler.ForceOverwrite = "true"
		Release.AspNetCompiler.FixedNames = "false"
		Release.AspNetCompiler.Debug = "False"
		VWDPort = "60302"
		SlnRelativePath = "..\..\..\..\..\sites\StockTake\"
	EndProjectSection
EndProject
Global
	GlobalSection(SolutionConfigurationPlatforms) = preSolution
		Debug|Any CPU = Debug|Any CPU
	EndGlobalSection
	GlobalSection(ProjectConfigurationPlatforms) = postSolution
		{FC84D95E-04F6-4B35-A495-B6E0223257FD}.Debug|Any CPU.ActiveCfg = Debug|Any CPU
		{FC84D95E-04F6-4B35-A495-B6E0223257FD}.Debug|Any CPU.Build.0 = Debug|Any CPU
		{8BB20E1F-D79E-4F14-81B0-516160258121}.Debug|Any CPU.ActiveCfg = Debug|Any CPU
		{8BB20E1F-D79E-4F14-81B0-516160258121}.Debug|Any CPU.Build.0 = Debug|Any CPU
		{4FD5D244-79F0-4E39-8FD2-42F524A76836}.Debug|Any CPU.ActiveCfg = Debug|Any CPU
		{4FD5D244-79F0-4E39-8FD2-42F524A76836}.Debug|Any CPU.Build.0 = Debug|Any CPU
		{693E5999-0B59-47CA-BA49-3F0FA2B821BC}.Debug|Any CPU.ActiveCfg = Debug|Any CPU
		{693E5999-0B59-47CA-BA49-3F0FA2B821BC}.Debug|Any CPU.Build.0 = Debug|Any CPU
	EndGlobalSection
	GlobalSection(SolutionProperties) = preSolution
		HideSolutionNode = FALSE
	EndGlobalSection
	GlobalSection(ExtensibilityGlobals) = postSolution
		SolutionGuid = {A2A55658-563B-496A-8D20-B6F0CA6A821B}
	EndGlobalSection
EndGlobal
