
Microsoft Visual Studio Solution File, Format Version 12.00
# Visual Studio 15
VisualStudioVersion = 15.0.28307.572
MinimumVisualStudioVersion = 10.0.40219.1
Project("{E24C65DC-7377-472B-9ABA-BC803B73C61A}") = "NewIntranet", "W:\NewIntranet\", "{C64F09B9-38A4-4742-A52B-636D1DB63C05}"
	ProjectSection(WebsiteProperties) = preProject
		TargetFrameworkMoniker = ".NETFramework,Version%3Dv4.0"
		Debug.AspNetCompiler.VirtualPath = "/localhost_49400"
		Debug.AspNetCompiler.PhysicalPath = "W:\NewIntranet\"
		Debug.AspNetCompiler.TargetPath = "PrecompiledWeb\localhost_49400\"
		Debug.AspNetCompiler.Updateable = "true"
		Debug.AspNetCompiler.ForceOverwrite = "true"
		Debug.AspNetCompiler.FixedNames = "false"
		Debug.AspNetCompiler.Debug = "True"
		Release.AspNetCompiler.VirtualPath = "/localhost_49400"
		Release.AspNetCompiler.PhysicalPath = "W:\NewIntranet\"
		Release.AspNetCompiler.TargetPath = "PrecompiledWeb\localhost_49400\"
		Release.AspNetCompiler.Updateable = "true"
		Release.AspNetCompiler.ForceOverwrite = "true"
		Release.AspNetCompiler.FixedNames = "false"
		Release.AspNetCompiler.Debug = "False"
		VWDPort = "49400"
	EndProjectSection
EndProject
Global
	GlobalSection(SolutionConfigurationPlatforms) = preSolution
		Debug|Any CPU = Debug|Any CPU
	EndGlobalSection
	GlobalSection(ProjectConfigurationPlatforms) = postSolution
		{C64F09B9-38A4-4742-A52B-636D1DB63C05}.Debug|Any CPU.ActiveCfg = Debug|Any CPU
		{C64F09B9-38A4-4742-A52B-636D1DB63C05}.Debug|Any CPU.Build.0 = Debug|Any CPU
	EndGlobalSection
	GlobalSection(SolutionProperties) = preSolution
		HideSolutionNode = FALSE
	EndGlobalSection
	GlobalSection(ExtensibilityGlobals) = postSolution
		SolutionGuid = {48000442-D5C5-4E9B-A98B-800DF4A5DF52}
	EndGlobalSection
EndGlobal
