
Microsoft Visual Studio Solution File, Format Version 12.00
# Visual Studio 15
VisualStudioVersion = 15.0.28307.572
MinimumVisualStudioVersion = 10.0.40219.1
Project("{FAE04EC0-301F-11D3-BF4B-00C04F79EFBC}") = "MMD Website AfricaC", "MMD Website AfricaC\MMD Website AfricaC.csproj", "{DFAE24A2-7E8C-4CF9-BD47-6FB4D074ACA8}"
EndProject
Global
	GlobalSection(SolutionConfigurationPlatforms) = preSolution
		Debug|Any CPU = Debug|Any CPU
		Release|Any CPU = Release|Any CPU
	EndGlobalSection
	GlobalSection(ProjectConfigurationPlatforms) = postSolution
		{DFAE24A2-7E8C-4CF9-BD47-6FB4D074ACA8}.Debug|Any CPU.ActiveCfg = Debug|Any CPU
		{DFAE24A2-7E8C-4CF9-BD47-6FB4D074ACA8}.Debug|Any CPU.Build.0 = Debug|Any CPU
		{DFAE24A2-7E8C-4CF9-BD47-6FB4D074ACA8}.Release|Any CPU.ActiveCfg = Release|Any CPU
		{DFAE24A2-7E8C-4CF9-BD47-6FB4D074ACA8}.Release|Any CPU.Build.0 = Release|Any CPU
	EndGlobalSection
	GlobalSection(SolutionProperties) = preSolution
		HideSolutionNode = FALSE
	EndGlobalSection
	GlobalSection(ExtensibilityGlobals) = postSolution
		SolutionGuid = {B12AA60D-388C-4F20-9B46-D88C85229305}
	EndGlobalSection
	GlobalSection(TeamFoundationVersionControl) = preSolution
		SccNumberOfProjects = 2
		SccEnterpriseProvider = {4CA58AB2-18FA-4F8D-95D4-32DDF27D184C}
		SccTeamFoundationServer = http://10.1.0.22:8080/tfs/defaultcollection
		SccLocalPath0 = .
		SccProjectUniqueName1 = MMD\u0020Website\u0020AfricaC\\MMD\u0020Website\u0020AfricaC.csproj
		SccProjectName1 = MMD\u0020Website\u0020AfricaC
		SccLocalPath1 = MMD\u0020Website\u0020AfricaC
	EndGlobalSection
EndGlobal
