
Microsoft Visual Studio Solution File, Format Version 12.00
# Visual Studio 15
VisualStudioVersion = 15.0.28307.572
MinimumVisualStudioVersion = 10.0.40219.1
Project("{E24C65DC-7377-472B-9ABA-BC803B73C61A}") = "MMD.Intranet.Web.Frontend", "MMD.Intranet.Web.Frontend", "{F3904178-770B-428D-B15C-366D8594022A}"
	ProjectSection(WebsiteProperties) = preProject
		SccProjectName = "SAK"
		SccAuxPath = "SAK"
		SccLocalPath = "SAK"
		SccProvider = "SAK"
		TargetFrameworkMoniker = ".NETFramework,Version%3Dv4.6.1"
		Debug.AspNetCompiler.VirtualPath = "/localhost_49751"
		Debug.AspNetCompiler.PhysicalPath = "MMD.Intranet.Web.Frontend\"
		Debug.AspNetCompiler.TargetPath = "PrecompiledWeb\localhost_49751\"
		Debug.AspNetCompiler.Updateable = "true"
		Debug.AspNetCompiler.ForceOverwrite = "true"
		Debug.AspNetCompiler.FixedNames = "false"
		Debug.AspNetCompiler.Debug = "True"
		Release.AspNetCompiler.VirtualPath = "/localhost_49751"
		Release.AspNetCompiler.PhysicalPath = "MMD.Intranet.Web.Frontend\"
		Release.AspNetCompiler.TargetPath = "PrecompiledWeb\localhost_49751\"
		Release.AspNetCompiler.Updateable = "true"
		Release.AspNetCompiler.ForceOverwrite = "true"
		Release.AspNetCompiler.FixedNames = "false"
		Release.AspNetCompiler.Debug = "False"
		VWDPort = "49751"
		SlnRelativePath = "MMD.Intranet.Web.Frontend\"
		DefaultWebSiteLanguage = "Visual C#"
	EndProjectSection
EndProject
Global
	GlobalSection(SolutionConfigurationPlatforms) = preSolution
		Debug|Any CPU = Debug|Any CPU
	EndGlobalSection
	GlobalSection(ProjectConfigurationPlatforms) = postSolution
		{F3904178-770B-428D-B15C-366D8594022A}.Debug|Any CPU.ActiveCfg = Debug|Any CPU
		{F3904178-770B-428D-B15C-366D8594022A}.Debug|Any CPU.Build.0 = Debug|Any CPU
	EndGlobalSection
	GlobalSection(SolutionProperties) = preSolution
		HideSolutionNode = FALSE
	EndGlobalSection
	GlobalSection(ExtensibilityGlobals) = postSolution
		SolutionGuid = {062DF848-A4A5-420A-87AE-F8ACAAD9F088}
	EndGlobalSection
	GlobalSection(TeamFoundationVersionControl) = preSolution
		SccNumberOfProjects = 2
		SccEnterpriseProvider = {4CA58AB2-18FA-4F8D-95D4-32DDF27D184C}
		SccTeamFoundationServer = http://10.1.0.22:8080/tfs/defaultcollection
		SccLocalPath0 = .
		SccWebProject1 = true
		SccProjectUniqueName1 = MMD.Intranet.Web.Frontend
		SccProjectName1 = MMD.Intranet.Web.Frontend
		SccLocalPath1 = MMD.Intranet.Web.Frontend
		SccProjectEnlistmentChoice1 = 2
	EndGlobalSection
EndGlobal
