
Microsoft Visual Studio Solution File, Format Version 12.00
# Visual Studio 15
VisualStudioVersion = 15.0.28307.572
MinimumVisualStudioVersion = 10.0.40219.1
Project("{FAE04EC0-301F-11D3-BF4B-00C04F79EFBC}") = "Intranet", "Intranet\Intranet.csproj", "{BB83D8F6-2D2A-43A9-B999-D52307536761}"
EndProject
Project("{E24C65DC-7377-472B-9ABA-BC803B73C61A}") = "MMDOnline", "MMDOnline\", "{092159E5-7656-488A-9949-55767E1C812D}"
	ProjectSection(WebsiteProperties) = preProject
		TargetFrameworkMoniker = ".NETFramework,Version%3Dv4.7.2"
		Debug.AspNetCompiler.VirtualPath = "/localhost_57522"
		Debug.AspNetCompiler.PhysicalPath = "MMDOnline\"
		Debug.AspNetCompiler.TargetPath = "PrecompiledWeb\localhost_57522\"
		Debug.AspNetCompiler.Updateable = "true"
		Debug.AspNetCompiler.ForceOverwrite = "true"
		Debug.AspNetCompiler.FixedNames = "false"
		Debug.AspNetCompiler.Debug = "True"
		Release.AspNetCompiler.VirtualPath = "/localhost_57522"
		Release.AspNetCompiler.PhysicalPath = "MMDOnline\"
		Release.AspNetCompiler.TargetPath = "PrecompiledWeb\localhost_57522\"
		Release.AspNetCompiler.Updateable = "true"
		Release.AspNetCompiler.ForceOverwrite = "true"
		Release.AspNetCompiler.FixedNames = "false"
		Release.AspNetCompiler.Debug = "False"
		VWDPort = "57522"
		SlnRelativePath = "MMDOnline\"
		DefaultWebSiteLanguage = "Visual C#"
	EndProjectSection
EndProject
Project("{FAE04EC0-301F-11D3-BF4B-00C04F79EFBC}") = "Serene.Web", "Serene\Serene.Web\Serene.Web.csproj", "{E298DC33-D240-4585-AC47-775575246780}"
EndProject
Global
	GlobalSection(SolutionConfigurationPlatforms) = preSolution
		Debug|Any CPU = Debug|Any CPU
		Release|Any CPU = Release|Any CPU
	EndGlobalSection
	GlobalSection(ProjectConfigurationPlatforms) = postSolution
		{BB83D8F6-2D2A-43A9-B999-D52307536761}.Debug|Any CPU.ActiveCfg = Debug|Any CPU
		{BB83D8F6-2D2A-43A9-B999-D52307536761}.Debug|Any CPU.Build.0 = Debug|Any CPU
		{BB83D8F6-2D2A-43A9-B999-D52307536761}.Release|Any CPU.ActiveCfg = Release|Any CPU
		{BB83D8F6-2D2A-43A9-B999-D52307536761}.Release|Any CPU.Build.0 = Release|Any CPU
		{092159E5-7656-488A-9949-55767E1C812D}.Debug|Any CPU.ActiveCfg = Debug|Any CPU
		{092159E5-7656-488A-9949-55767E1C812D}.Debug|Any CPU.Build.0 = Debug|Any CPU
		{092159E5-7656-488A-9949-55767E1C812D}.Release|Any CPU.ActiveCfg = Debug|Any CPU
		{092159E5-7656-488A-9949-55767E1C812D}.Release|Any CPU.Build.0 = Debug|Any CPU
		{E298DC33-D240-4585-AC47-775575246780}.Debug|Any CPU.ActiveCfg = Debug|Any CPU
		{E298DC33-D240-4585-AC47-775575246780}.Debug|Any CPU.Build.0 = Debug|Any CPU
		{E298DC33-D240-4585-AC47-775575246780}.Release|Any CPU.ActiveCfg = Release|Any CPU
		{E298DC33-D240-4585-AC47-775575246780}.Release|Any CPU.Build.0 = Release|Any CPU
	EndGlobalSection
	GlobalSection(SolutionProperties) = preSolution
		HideSolutionNode = FALSE
	EndGlobalSection
	GlobalSection(ExtensibilityGlobals) = postSolution
		SolutionGuid = {A72113BD-D481-4D31-9B65-0001C3F20FE0}
	EndGlobalSection
EndGlobal
