
Microsoft Visual Studio Solution File, Format Version 12.00
# Visual Studio 15
VisualStudioVersion = 15.0.28307.572
MinimumVisualStudioVersion = 10.0.40219.1
Project("{E24C65DC-7377-472B-9ABA-BC803B73C61A}") = "ServicePortal", "W:\ServicePortal", "{31B339B2-D269-401D-90D4-14694476EB97}"
	ProjectSection(WebsiteProperties) = preProject
		TargetFrameworkMoniker = ".NETFramework,Version%3Dv4.0"
		Debug.AspNetCompiler.VirtualPath = "/localhost_51797"
		Debug.AspNetCompiler.PhysicalPath = "W:\ServicePortal\"
		Debug.AspNetCompiler.TargetPath = "PrecompiledWeb\localhost_51797\"
		Debug.AspNetCompiler.Updateable = "true"
		Debug.AspNetCompiler.ForceOverwrite = "true"
		Debug.AspNetCompiler.FixedNames = "false"
		Debug.AspNetCompiler.Debug = "True"
		Release.AspNetCompiler.VirtualPath = "/localhost_51797"
		Release.AspNetCompiler.PhysicalPath = "W:\ServicePortal\"
		Release.AspNetCompiler.TargetPath = "PrecompiledWeb\localhost_51797\"
		Release.AspNetCompiler.Updateable = "true"
		Release.AspNetCompiler.ForceOverwrite = "true"
		Release.AspNetCompiler.FixedNames = "false"
		Release.AspNetCompiler.Debug = "False"
		VWDPort = "51797"
	EndProjectSection
EndProject
Global
	GlobalSection(SolutionConfigurationPlatforms) = preSolution
		Debug|Any CPU = Debug|Any CPU
	EndGlobalSection
	GlobalSection(ProjectConfigurationPlatforms) = postSolution
		{31B339B2-D269-401D-90D4-14694476EB97}.Debug|Any CPU.ActiveCfg = Debug|Any CPU
		{31B339B2-D269-401D-90D4-14694476EB97}.Debug|Any CPU.Build.0 = Debug|Any CPU
	EndGlobalSection
	GlobalSection(SolutionProperties) = preSolution
		HideSolutionNode = FALSE
	EndGlobalSection
	GlobalSection(ExtensibilityGlobals) = postSolution
		SolutionGuid = {D2706048-1489-4AA6-B634-03970033F7B2}
	EndGlobalSection
EndGlobal
